
Microsoft Visual Studio Solution File, Format Version 11.00
# Visual Studio 2010
Project("{FAE04EC0-301F-11D3-BF4B-00C04F79EFBC}") = "ParkingSystem_SoftEng", "ParkingSystem_SoftEng\ParkingSystem_SoftEng.csproj", "{4E2D0FC1-C283-441C-9719-7AFE09D9DB21}"
EndProject
Global
	GlobalSection(SolutionConfigurationPlatforms) = preSolution
		Debug|x86 = Debug|x86
		Release|x86 = Release|x86
	EndGlobalSection
	GlobalSection(ProjectConfigurationPlatforms) = postSolution
		{4E2D0FC1-C283-441C-9719-7AFE09D9DB21}.Debug|x86.ActiveCfg = Debug|x86
		{4E2D0FC1-C283-441C-9719-7AFE09D9DB21}.Debug|x86.Build.0 = Debug|x86
		{4E2D0FC1-C283-441C-9719-7AFE09D9DB21}.Release|x86.ActiveCfg = Release|x86
		{4E2D0FC1-C283-441C-9719-7AFE09D9DB21}.Release|x86.Build.0 = Release|x86
	EndGlobalSection
	GlobalSection(SolutionProperties) = preSolution
		HideSolutionNode = FALSE
	EndGlobalSection
EndGlobal
